
Microsoft Visual Studio Solution File, Format Version 12.00
# Visual Studio Version 16
VisualStudioVersion = 16.0.32228.343
MinimumVisualStudioVersion = 10.0.40219.1
Project("{2150E333-8FDC-42A3-9474-1A3956D46DE8}") = "Src", "Src", "{B496E68D-BF28-43C6-8847-8B7B1D75EC83}"
EndProject
Project("{2150E333-8FDC-42A3-9474-1A3956D46DE8}") = "ApiGateways", "ApiGateways", "{5C4DF5C4-79F4-453E-A585-D841169986FA}"
EndProject
Project("{2150E333-8FDC-42A3-9474-1A3956D46DE8}") = "Services", "Services", "{403B7FB0-D3C8-4447-9A7E-E86AAF2D4CA8}"
EndProject
Project("{9A19103F-16F7-4668-BE54-9A1E7A4F7556}") = "OcelotApiGw", "Src\ApiGateways\OcelotApiGw\OcelotApiGw.csproj", "{0CF1EDC1-59B7-4AC6-80ED-76A7BD4D158A}"
EndProject
Project("{9A19103F-16F7-4668-BE54-9A1E7A4F7556}") = "Basket.API", "Src\Services\Basket.API\Basket.API.csproj", "{F3806A84-1618-4919-B3FC-66E04988A62B}"
EndProject
Project("{9A19103F-16F7-4668-BE54-9A1E7A4F7556}") = "Catalog.API", "Src\Services\Catalog.API\Catalog.API.csproj", "{20052EAC-4135-463D-9E1C-A318F4D51E34}"
EndProject
Project("{9A19103F-16F7-4668-BE54-9A1E7A4F7556}") = "Discount.API", "Src\Services\Discount.API\Discount.API.csproj", "{E7AAD7A5-C591-4032-A742-1C98D0389F0D}"
EndProject
Project("{2150E333-8FDC-42A3-9474-1A3956D46DE8}") = "Ordering", "Ordering", "{7B548FF0-2D5B-4463-8603-EB0B32319FDF}"
EndProject
Project("{9A19103F-16F7-4668-BE54-9A1E7A4F7556}") = "Ordering.Domain", "Ordering.Domain\Ordering.Domain.csproj", "{D86FF95E-3E94-4207-BD95-AF65AAC5F219}"
EndProject
Project("{9A19103F-16F7-4668-BE54-9A1E7A4F7556}") = "Ordering.Infrastructure", "Ordering.Infrastructure\Ordering.Infrastructure.csproj", "{5DF83049-A11C-4123-B5F2-AF3B8D331C0A}"
EndProject
Project("{9A19103F-16F7-4668-BE54-9A1E7A4F7556}") = "Ordering.Application", "Ordering.Application\Ordering.Application.csproj", "{2EC0CADB-0985-4F21-9804-2F589D1E2DAE}"
EndProject
Project("{9A19103F-16F7-4668-BE54-9A1E7A4F7556}") = "Ordering.API", "Ordering.API\Ordering.API.csproj", "{A95E2DCE-C44A-4439-AE48-5055D828F8CC}"
EndProject
Project("{2150E333-8FDC-42A3-9474-1A3956D46DE8}") = "BuildingBlocks", "BuildingBlocks", "{8EE399B3-DB3F-4906-9A89-8280F1D6911A}"
EndProject
Project("{9A19103F-16F7-4668-BE54-9A1E7A4F7556}") = "EventBus.Messages", "EventBus.Messages\EventBus.Messages.csproj", "{01A6BDA1-7B99-4E7D-9D73-82CDAC022723}"
EndProject
Project("{E53339B2-1760-4266-BCC7-CA923CBCF16C}") = "docker-compose", "docker-compose.dcproj", "{21B5B251-E13C-4F7E-9756-5825745E5414}"
EndProject
Global
	GlobalSection(SolutionConfigurationPlatforms) = preSolution
		Debug|Any CPU = Debug|Any CPU
		Release|Any CPU = Release|Any CPU
	EndGlobalSection
	GlobalSection(ProjectConfigurationPlatforms) = postSolution
		{0CF1EDC1-59B7-4AC6-80ED-76A7BD4D158A}.Debug|Any CPU.ActiveCfg = Debug|Any CPU
		{0CF1EDC1-59B7-4AC6-80ED-76A7BD4D158A}.Debug|Any CPU.Build.0 = Debug|Any CPU
		{0CF1EDC1-59B7-4AC6-80ED-76A7BD4D158A}.Release|Any CPU.ActiveCfg = Release|Any CPU
		{0CF1EDC1-59B7-4AC6-80ED-76A7BD4D158A}.Release|Any CPU.Build.0 = Release|Any CPU
		{F3806A84-1618-4919-B3FC-66E04988A62B}.Debug|Any CPU.ActiveCfg = Debug|Any CPU
		{F3806A84-1618-4919-B3FC-66E04988A62B}.Debug|Any CPU.Build.0 = Debug|Any CPU
		{F3806A84-1618-4919-B3FC-66E04988A62B}.Release|Any CPU.ActiveCfg = Release|Any CPU
		{F3806A84-1618-4919-B3FC-66E04988A62B}.Release|Any CPU.Build.0 = Release|Any CPU
		{20052EAC-4135-463D-9E1C-A318F4D51E34}.Debug|Any CPU.ActiveCfg = Debug|Any CPU
		{20052EAC-4135-463D-9E1C-A318F4D51E34}.Debug|Any CPU.Build.0 = Debug|Any CPU
		{20052EAC-4135-463D-9E1C-A318F4D51E34}.Release|Any CPU.ActiveCfg = Release|Any CPU
		{20052EAC-4135-463D-9E1C-A318F4D51E34}.Release|Any CPU.Build.0 = Release|Any CPU
		{E7AAD7A5-C591-4032-A742-1C98D0389F0D}.Debug|Any CPU.ActiveCfg = Debug|Any CPU
		{E7AAD7A5-C591-4032-A742-1C98D0389F0D}.Debug|Any CPU.Build.0 = Debug|Any CPU
		{E7AAD7A5-C591-4032-A742-1C98D0389F0D}.Release|Any CPU.ActiveCfg = Release|Any CPU
		{E7AAD7A5-C591-4032-A742-1C98D0389F0D}.Release|Any CPU.Build.0 = Release|Any CPU
		{D86FF95E-3E94-4207-BD95-AF65AAC5F219}.Debug|Any CPU.ActiveCfg = Debug|Any CPU
		{D86FF95E-3E94-4207-BD95-AF65AAC5F219}.Debug|Any CPU.Build.0 = Debug|Any CPU
		{D86FF95E-3E94-4207-BD95-AF65AAC5F219}.Release|Any CPU.ActiveCfg = Release|Any CPU
		{D86FF95E-3E94-4207-BD95-AF65AAC5F219}.Release|Any CPU.Build.0 = Release|Any CPU
		{5DF83049-A11C-4123-B5F2-AF3B8D331C0A}.Debug|Any CPU.ActiveCfg = Debug|Any CPU
		{5DF83049-A11C-4123-B5F2-AF3B8D331C0A}.Debug|Any CPU.Build.0 = Debug|Any CPU
		{5DF83049-A11C-4123-B5F2-AF3B8D331C0A}.Release|Any CPU.ActiveCfg = Release|Any CPU
		{5DF83049-A11C-4123-B5F2-AF3B8D331C0A}.Release|Any CPU.Build.0 = Release|Any CPU
		{2EC0CADB-0985-4F21-9804-2F589D1E2DAE}.Debug|Any CPU.ActiveCfg = Debug|Any CPU
		{2EC0CADB-0985-4F21-9804-2F589D1E2DAE}.Debug|Any CPU.Build.0 = Debug|Any CPU
		{2EC0CADB-0985-4F21-9804-2F589D1E2DAE}.Release|Any CPU.ActiveCfg = Release|Any CPU
		{2EC0CADB-0985-4F21-9804-2F589D1E2DAE}.Release|Any CPU.Build.0 = Release|Any CPU
		{A95E2DCE-C44A-4439-AE48-5055D828F8CC}.Debug|Any CPU.ActiveCfg = Debug|Any CPU
		{A95E2DCE-C44A-4439-AE48-5055D828F8CC}.Debug|Any CPU.Build.0 = Debug|Any CPU
		{A95E2DCE-C44A-4439-AE48-5055D828F8CC}.Release|Any CPU.ActiveCfg = Release|Any CPU
		{A95E2DCE-C44A-4439-AE48-5055D828F8CC}.Release|Any CPU.Build.0 = Release|Any CPU
		{01A6BDA1-7B99-4E7D-9D73-82CDAC022723}.Debug|Any CPU.ActiveCfg = Debug|Any CPU
		{01A6BDA1-7B99-4E7D-9D73-82CDAC022723}.Debug|Any CPU.Build.0 = Debug|Any CPU
		{01A6BDA1-7B99-4E7D-9D73-82CDAC022723}.Release|Any CPU.ActiveCfg = Release|Any CPU
		{01A6BDA1-7B99-4E7D-9D73-82CDAC022723}.Release|Any CPU.Build.0 = Release|Any CPU
		{21B5B251-E13C-4F7E-9756-5825745E5414}.Debug|Any CPU.ActiveCfg = Debug|Any CPU
		{21B5B251-E13C-4F7E-9756-5825745E5414}.Debug|Any CPU.Build.0 = Debug|Any CPU
		{21B5B251-E13C-4F7E-9756-5825745E5414}.Release|Any CPU.ActiveCfg = Release|Any CPU
		{21B5B251-E13C-4F7E-9756-5825745E5414}.Release|Any CPU.Build.0 = Release|Any CPU
	EndGlobalSection
	GlobalSection(SolutionProperties) = preSolution
		HideSolutionNode = FALSE
	EndGlobalSection
	GlobalSection(NestedProjects) = preSolution
		{5C4DF5C4-79F4-453E-A585-D841169986FA} = {B496E68D-BF28-43C6-8847-8B7B1D75EC83}
		{403B7FB0-D3C8-4447-9A7E-E86AAF2D4CA8} = {B496E68D-BF28-43C6-8847-8B7B1D75EC83}
		{0CF1EDC1-59B7-4AC6-80ED-76A7BD4D158A} = {5C4DF5C4-79F4-453E-A585-D841169986FA}
		{F3806A84-1618-4919-B3FC-66E04988A62B} = {403B7FB0-D3C8-4447-9A7E-E86AAF2D4CA8}
		{20052EAC-4135-463D-9E1C-A318F4D51E34} = {403B7FB0-D3C8-4447-9A7E-E86AAF2D4CA8}
		{E7AAD7A5-C591-4032-A742-1C98D0389F0D} = {403B7FB0-D3C8-4447-9A7E-E86AAF2D4CA8}
		{7B548FF0-2D5B-4463-8603-EB0B32319FDF} = {403B7FB0-D3C8-4447-9A7E-E86AAF2D4CA8}
		{D86FF95E-3E94-4207-BD95-AF65AAC5F219} = {7B548FF0-2D5B-4463-8603-EB0B32319FDF}
		{5DF83049-A11C-4123-B5F2-AF3B8D331C0A} = {7B548FF0-2D5B-4463-8603-EB0B32319FDF}
		{2EC0CADB-0985-4F21-9804-2F589D1E2DAE} = {7B548FF0-2D5B-4463-8603-EB0B32319FDF}
		{A95E2DCE-C44A-4439-AE48-5055D828F8CC} = {7B548FF0-2D5B-4463-8603-EB0B32319FDF}
		{8EE399B3-DB3F-4906-9A89-8280F1D6911A} = {B496E68D-BF28-43C6-8847-8B7B1D75EC83}
		{01A6BDA1-7B99-4E7D-9D73-82CDAC022723} = {8EE399B3-DB3F-4906-9A89-8280F1D6911A}
	EndGlobalSection
	GlobalSection(ExtensibilityGlobals) = postSolution
		SolutionGuid = {CD0BF10B-BA65-49D9-8644-0B15E0C442CC}
	EndGlobalSection
EndGlobal
